
Microsoft Visual Studio Solution File, Format Version 12.00
# Visual Studio 15
VisualStudioVersion = 15.0.28307.1082
MinimumVisualStudioVersion = 10.0.40219.1
Project("{FAE04EC0-301F-11D3-BF4B-00C04F79EFBC}") = "ETutor", "ETutor\ETutor.csproj", "{ABE37C9B-A534-4382-917C-3631145A4E13}"
EndProject
Global
	GlobalSection(SolutionConfigurationPlatforms) = preSolution
		Debug|Any CPU = Debug|Any CPU
		Release|Any CPU = Release|Any CPU
	EndGlobalSection
	GlobalSection(ProjectConfigurationPlatforms) = postSolution
		{ABE37C9B-A534-4382-917C-3631145A4E13}.Debug|Any CPU.ActiveCfg = Debug|Any CPU
		{ABE37C9B-A534-4382-917C-3631145A4E13}.Debug|Any CPU.Build.0 = Debug|Any CPU
		{ABE37C9B-A534-4382-917C-3631145A4E13}.Release|Any CPU.ActiveCfg = Release|Any CPU
		{ABE37C9B-A534-4382-917C-3631145A4E13}.Release|Any CPU.Build.0 = Release|Any CPU
	EndGlobalSection
	GlobalSection(SolutionProperties) = preSolution
		HideSolutionNode = FALSE
	EndGlobalSection
	GlobalSection(ExtensibilityGlobals) = postSolution
		SolutionGuid = {F742828A-AD92-4D77-816A-ABE3D7307733}
	EndGlobalSection
EndGlobal
